
Microsoft Visual Studio Solution File, Format Version 12.00
# Visual Studio Version 16
VisualStudioVersion = 16.0.30413.136
MinimumVisualStudioVersion = 10.0.40219.1
Project("{FAE04EC0-301F-11D3-BF4B-00C04F79EFBC}") = "KonstruktoriStatickeVarijable", "KonstruktoriStatickeVarijable\KonstruktoriStatickeVarijable.csproj", "{8110CB1C-538E-4CB1-BE40-5474EEF7E88E}"
EndProject
Global
	GlobalSection(SolutionConfigurationPlatforms) = preSolution
		Debug|Any CPU = Debug|Any CPU
		Release|Any CPU = Release|Any CPU
	EndGlobalSection
	GlobalSection(ProjectConfigurationPlatforms) = postSolution
		{8110CB1C-538E-4CB1-BE40-5474EEF7E88E}.Debug|Any CPU.ActiveCfg = Debug|Any CPU
		{8110CB1C-538E-4CB1-BE40-5474EEF7E88E}.Debug|Any CPU.Build.0 = Debug|Any CPU
		{8110CB1C-538E-4CB1-BE40-5474EEF7E88E}.Release|Any CPU.ActiveCfg = Release|Any CPU
		{8110CB1C-538E-4CB1-BE40-5474EEF7E88E}.Release|Any CPU.Build.0 = Release|Any CPU
	EndGlobalSection
	GlobalSection(SolutionProperties) = preSolution
		HideSolutionNode = FALSE
	EndGlobalSection
	GlobalSection(ExtensibilityGlobals) = postSolution
		SolutionGuid = {F99DE06F-F72D-4599-B514-D83A5AB322AB}
	EndGlobalSection
EndGlobal
